version = 1
revision = 3
requires-python = ">=3.13"

[[package]]
name = "annotated-doc"
version = "0.0.4"
source = { registry = "https://pypi.org/simple" }
sdist = { url = "https://files.pythonhosted.org/packages/57/ba/046ceea27344560984e26a590f90bc7f4a75b06701f653222458922b558c/annotated_doc-0.0.4.tar.gz", hash = "sha256:fbcda96e87e9c92ad167c2e53839e57503ecfda18804ea28102353485033faa4", size = 7288, upload-time = "2025-11-10T22:07:42.062Z" }
wheels = [
    { url = "https://files.pythonhosted.org/packages/1e/d3/26bf1008eb3d2daa8ef4cacc7f3bfdc11818d111f7e2d0201bc6e3b49d45/annotated_doc-0.0.4-py3-none-any.whl", hash = "sha256:571ac1dc6991c450b25a9c2d84a3705e2ae7a53467b5d111c24fa8baabbed320", size = 5303, upload-time = "2025-11-10T22:07:40.673Z" },
]

[[package]]
name = "annotated-types"
version = "0.7.0"
source = { registry = "https://pypi.org/simple" }
sdist = { url = "https://files.pythonhosted.org/packages/ee/67/531ea369ba64dcff5ec9c3402f9f51bf748cec26dde048a2f973a4eea7f5/annotated_types-0.7.0.tar.gz", hash = "sha256:aff07c09a53a08bc8cfccb9c85b05f1aa9a2a6f23728d790723543408344ce89", size = 16081, upload-time = "2024-05-20T21:33:25.928Z" }
wheels = [
    { url = "https://files.pythonhosted.org/packages/78/b6/6307fbef88d9b5ee7421e68d78a9f162e0da4900bc5f5793f6d3d0e34fb8/annotated_types-0.7.0-py3-none-any.whl", hash = "sha256:1f02e8b43a8fbbc3f3e0d4f0f4bfc8131bcb4eebe8849b8e5c773f3a1c582a53", size = 13643, upload-time = "2024-05-20T21:33:24.1Z" },
]

[[package]]
name = "anyio"
version = "4.13.0"
source = { registry = "https://pypi.org/simple" }
dependencies = [
    { name = "idna" },
]
sdist = { url = "https://files.pythonhosted.org/packages/19/14/2c5dd9f512b66549ae92767a9c7b330ae88e1932ca57876909410251fe13/anyio-4.13.0.tar.gz", hash = "sha256:334b70e641fd2221c1505b3890c69882fe4a2df910cba14d97019b90b24439dc", size = 231622, upload-time = "2026-03-24T12:59:09.671Z" }
wheels = [
    { url = "https://files.pythonhosted.org/packages/da/42/e921fccf5015463e32a3cf6ee7f980a6ed0f395ceeaa45060b61d86486c2/anyio-4.13.0-py3-none-any.whl", hash = "sha256:08b310f9e24a9594186fd75b4f73f4a4152069e3853f1ed8bfbf58369f4ad708", size = 114353, upload-time = "2026-03-24T12:59:08.246Z" },
]

[[package]]
name = "click"
version = "8.3.2"
source = { registry = "https://pypi.org/simple" }
dependencies = [
    { name = "colorama", marker = "sys_platform == 'win32'" },
]
sdist = { url = "https://files.pythonhosted.org/packages/57/75/31212c6bf2503fdf920d87fee5d7a86a2e3bcf444984126f13d8e4016804/click-8.3.2.tar.gz", hash = "sha256:14162b8b3b3550a7d479eafa77dfd3c38d9dc8951f6f69c78913a8f9a7540fd5", size = 302856, upload-time = "2026-04-03T19:14:45.118Z" }
wheels = [
    { url = "https://files.pythonhosted.org/packages/e4/20/71885d8b97d4f3dde17b1fdb92dbd4908b00541c5a3379787137285f602e/click-8.3.2-py3-none-any.whl", hash = "sha256:1924d2c27c5653561cd2cae4548d1406039cb79b858b747cfea24924bbc1616d", size = 108379, upload-time = "2026-04-03T19:14:43.505Z" },
]

[[package]]
name = "colorama"
version = "0.4.6"
source = { registry = "https://pypi.org/simple" }
sdist = { url = "https://files.pythonhosted.org/packages/d8/53/6f443c9a4a8358a93a6792e2acffb9d9d5cb0a5cfd8802644b7b1c9a02e4/colorama-0.4.6.tar.gz", hash = "sha256:08695f5cb7ed6e0531a20572697297273c47b8cae5a63ffc6d6ed5c201be6e44", size = 27697, upload-time = "2022-10-25T02:36:22.414Z" }
wheels = [
    { url = "https://files.pythonhosted.org/packages/d1/d6/3965ed04c63042e047cb6a3e6ed1a63a35087b6a609aa3a15ed8ac56c221/colorama-0.4.6-py2.py3-none-any.whl", hash = "sha256:4f1d9991f5acc0ca119f9d443620b77f9d6b33703e51011c16baf57afb285fc6", size = 25335, upload-time = "2022-10-25T02:36:20.889Z" },
]

[[package]]
name = "fastapi"
version = "0.135.3"
source = { registry = "https://pypi.org/simple" }
dependencies = [
    { name = "annotated-doc" },
    { name = "pydantic" },
    { name = "starlette" },
    { name = "typing-extensions" },
    { name = "typing-inspection" },
]
sdist = { url = "https://files.pythonhosted.org/packages/f7/e6/7adb4c5fa231e82c35b8f5741a9f2d055f520c29af5546fd70d3e8e1cd2e/fastapi-0.135.3.tar.gz", hash = "sha256:bd6d7caf1a2bdd8d676843cdcd2287729572a1ef524fc4d65c17ae002a1be654", size = 396524, upload-time = "2026-04-01T16:23:58.188Z" }
wheels = [
    { url = "https://files.pythonhosted.org/packages/84/a4/5caa2de7f917a04ada20018eccf60d6cc6145b0199d55ca3711b0fc08312/fastapi-0.135.3-py3-none-any.whl", hash = "sha256:9b0f590c813acd13d0ab43dd8494138eb58e484bfac405db1f3187cfc5810d98", size = 117734, upload-time = "2026-04-01T16:23:59.328Z" },
]

[[package]]
name = "h11"
version = "0.16.0"
source = { registry = "https://pypi.org/simple" }
sdist = { url = "https://files.pythonhosted.org/packages/01/ee/02a2c011bdab74c6fb3c75474d40b3052059d95df7e73351460c8588d963/h11-0.16.0.tar.gz", hash = "sha256:4e35b956cf45792e4caa5885e69fba00bdbc6ffafbfa020300e549b208ee5ff1", size = 101250, upload-time = "2025-04-24T03:35:25.427Z" }
wheels = [
    { url = "https://files.pythonhosted.org/packages/04/4b/29cac41a4d98d144bf5f6d33995617b185d14b22401f75ca86f384e87ff1/h11-0.16.0-py3-none-any.whl", hash = "sha256:63cf8bbe7522de3bf65932fda1d9c2772064ffb3dae62d55932da54b31cb6c86", size = 37515, upload-time = "2025-04-24T03:35:24.344Z" },
]

[[package]]
name = "idna"
version = "3.11"
source = { registry = "https://pypi.org/simple" }
sdist = { url = "https://files.pythonhosted.org/packages/6f/6d/0703ccc57f3a7233505399edb88de3cbd678da106337b9fcde432b65ed60/idna-3.11.tar.gz", hash = "sha256:795dafcc9c04ed0c1fb032c2aa73654d8e8c5023a7df64a53f39190ada629902", size = 194582, upload-time = "2025-10-12T14:55:20.501Z" }
wheels = [
    { url = "https://files.pythonhosted.org/packages/0e/61/66938bbb5fc52dbdf84594873d5b51fb1f7c7794e9c0f5bd885f30bc507b/idna-3.11-py3-none-any.whl", hash = "sha256:771a87f49d9defaf64091e6e6fe9c18d4833f140bd19464795bc32d966ca37ea", size = 71008, upload-time = "2025-10-12T14:55:18.883Z" },
]

[[package]]
name = "pgsql-health"
version = "0.1.0"
source = { virtual = "." }
dependencies = [
    { name = "fastapi" },
    { name = "psycopg", extra = ["binary"] },
    { name = "uvicorn" },
]

[package.metadata]
requires-dist = [
    { name = "fastapi", specifier = ">=0.115" },
    { name = "psycopg", extras = ["binary"], specifier = ">=3.2" },
    { name = "uvicorn", specifier = ">=0.34" },
]

[[package]]
name = "psycopg"
version = "3.3.3"
source = { registry = "https://pypi.org/simple" }
dependencies = [
    { name = "tzdata", marker = "sys_platform == 'win32'" },
]
sdist = { url = "https://files.pythonhosted.org/packages/d3/b6/379d0a960f8f435ec78720462fd94c4863e7a31237cf81bf76d0af5883bf/psycopg-3.3.3.tar.gz", hash = "sha256:5e9a47458b3c1583326513b2556a2a9473a1001a56c9efe9e587245b43148dd9", size = 165624, upload-time = "2026-02-18T16:52:16.546Z" }
wheels = [
    { url = "https://files.pythonhosted.org/packages/c8/5b/181e2e3becb7672b502f0ed7f16ed7352aca7c109cfb94cf3878a9186db9/psycopg-3.3.3-py3-none-any.whl", hash = "sha256:f96525a72bcfade6584ab17e89de415ff360748c766f0106959144dcbb38c698", size = 212768, upload-time = "2026-02-18T16:46:27.365Z" },
]

[package.optional-dependencies]
binary = [
    { name = "psycopg-binary", marker = "implementation_name != 'pypy'" },
]

[[package]]
name = "psycopg-binary"
version = "3.3.3"
source = { registry = "https://pypi.org/simple" }
wheels = [
    { url = "https://files.pythonhosted.org/packages/03/0a/cac9fdf1df16a269ba0e5f0f06cac61f826c94cadb39df028cdfe19d3a33/psycopg_binary-3.3.3-cp313-cp313-macosx_10_13_x86_64.whl", hash = "sha256:05f32239aec25c5fb15f7948cffdc2dc0dac098e48b80a140e4ba32b572a2e7d", size = 4590414, upload-time = "2026-02-18T16:50:01.441Z" },
    { url = "https://files.pythonhosted.org/packages/9c/c0/d8f8508fbf440edbc0099b1abff33003cd80c9e66eb3a1e78834e3fb4fb9/psycopg_binary-3.3.3-cp313-cp313-macosx_11_0_arm64.whl", hash = "sha256:7c84f9d214f2d1de2fafebc17fa68ac3f6561a59e291553dfc45ad299f4898c1", size = 4669021, upload-time = "2026-02-18T16:50:08.803Z" },
    { url = "https://files.pythonhosted.org/packages/04/05/097016b77e343b4568feddf12c72171fc513acef9a4214d21b9478569068/psycopg_binary-3.3.3-cp313-cp313-manylinux2014_ppc64le.manylinux_2_17_ppc64le.whl", hash = "sha256:e77957d2ba17cada11be09a5066d93026cdb61ada7c8893101d7fe1c6e1f3925", size = 5467453, upload-time = "2026-02-18T16:50:14.985Z" },
    { url = "https://files.pythonhosted.org/packages/91/23/73244e5feb55b5ca109cede6e97f32ef45189f0fdac4c80d75c99862729d/psycopg_binary-3.3.3-cp313-cp313-manylinux2014_x86_64.manylinux_2_17_x86_64.whl", hash = "sha256:42961609ac07c232a427da7c87a468d3c82fee6762c220f38e37cfdacb2b178d", size = 5151135, upload-time = "2026-02-18T16:50:24.82Z" },
    { url = "https://files.pythonhosted.org/packages/11/49/5309473b9803b207682095201d8708bbc7842ddf3f192488a69204e36455/psycopg_binary-3.3.3-cp313-cp313-manylinux_2_27_aarch64.manylinux_2_28_aarch64.whl", hash = "sha256:ae07a3114313dd91fce686cab2f4c44af094398519af0e0f854bc707e1aeedf1", size = 6737315, upload-time = "2026-02-18T16:50:35.106Z" },
    { url = "https://files.pythonhosted.org/packages/d4/5d/03abe74ef34d460b33c4d9662bf6ec1dd38888324323c1a1752133c10377/psycopg_binary-3.3.3-cp313-cp313-manylinux_2_38_riscv64.manylinux_2_39_riscv64.whl", hash = "sha256:d257c58d7b36a621dcce1d01476ad8b60f12d80eb1406aee4cf796f88b2ae482", size = 4979783, upload-time = "2026-02-18T16:50:42.067Z" },
    { url = "https://files.pythonhosted.org/packages/f0/6c/3fbf8e604e15f2f3752900434046c00c90bb8764305a1b81112bff30ba24/psycopg_binary-3.3.3-cp313-cp313-musllinux_1_2_aarch64.whl", hash = "sha256:07c7211f9327d522c9c47560cae00a4ecf6687f4e02d779d035dd3177b41cb12", size = 4509023, upload-time = "2026-02-18T16:50:50.116Z" },
    { url = "https://files.pythonhosted.org/packages/9c/6b/1a06b43b7c7af756c80b67eac8bfaa51d77e68635a8a8d246e4f0bb7604a/psycopg_binary-3.3.3-cp313-cp313-musllinux_1_2_ppc64le.whl", hash = "sha256:8e7e9eca9b363dbedeceeadd8be97149d2499081f3c52d141d7cd1f395a91f83", size = 4185874, upload-time = "2026-02-18T16:50:55.97Z" },
    { url = "https://files.pythonhosted.org/packages/2b/d3/bf49e3dcaadba510170c8d111e5e69e5ae3f981c1554c5bb71c75ce354bb/psycopg_binary-3.3.3-cp313-cp313-musllinux_1_2_riscv64.whl", hash = "sha256:cb85b1d5702877c16f28d7b92ba030c1f49ebcc9b87d03d8c10bf45a2f1c7508", size = 3925668, upload-time = "2026-02-18T16:51:03.299Z" },
    { url = "https://files.pythonhosted.org/packages/f8/92/0aac830ed6a944fe334404e1687a074e4215630725753f0e3e9a9a595b62/psycopg_binary-3.3.3-cp313-cp313-musllinux_1_2_x86_64.whl", hash = "sha256:4d4606c84d04b80f9138d72f1e28c6c02dc5ae0c7b8f3f8aaf89c681ce1cd1b1", size = 4234973, upload-time = "2026-02-18T16:51:09.097Z" },
    { url = "https://files.pythonhosted.org/packages/2e/96/102244653ee5a143ece5afe33f00f52fe64e389dfce8dbc87580c6d70d3d/psycopg_binary-3.3.3-cp313-cp313-win_amd64.whl", hash = "sha256:74eae563166ebf74e8d950ff359be037b85723d99ca83f57d9b244a871d6c13b", size = 3551342, upload-time = "2026-02-18T16:51:13.892Z" },
    { url = "https://files.pythonhosted.org/packages/a2/71/7a57e5b12275fe7e7d84d54113f0226080423a869118419c9106c083a21c/psycopg_binary-3.3.3-cp314-cp314-macosx_10_15_x86_64.whl", hash = "sha256:497852c5eaf1f0c2d88ab74a64a8097c099deac0c71de1cbcf18659a8a04a4b2", size = 4607368, upload-time = "2026-02-18T16:51:19.295Z" },
    { url = "https://files.pythonhosted.org/packages/c7/04/cb834f120f2b2c10d4003515ef9ca9d688115b9431735e3936ae48549af8/psycopg_binary-3.3.3-cp314-cp314-macosx_11_0_arm64.whl", hash = "sha256:258d1ea53464d29768bf25930f43291949f4c7becc706f6e220c515a63a24edd", size = 4687047, upload-time = "2026-02-18T16:51:23.84Z" },
    { url = "https://files.pythonhosted.org/packages/40/e9/47a69692d3da9704468041aa5ed3ad6fc7f6bb1a5ae788d261a26bbca6c7/psycopg_binary-3.3.3-cp314-cp314-manylinux2014_ppc64le.manylinux_2_17_ppc64le.whl", hash = "sha256:111c59897a452196116db12e7f608da472fbff000693a21040e35fc978b23430", size = 5487096, upload-time = "2026-02-18T16:51:29.645Z" },
    { url = "https://files.pythonhosted.org/packages/0b/b6/0e0dd6a2f802864a4ae3dbadf4ec620f05e3904c7842b326aafc43e5f464/psycopg_binary-3.3.3-cp314-cp314-manylinux2014_x86_64.manylinux_2_17_x86_64.whl", hash = "sha256:17bb6600e2455993946385249a3c3d0af52cd70c1c1cdbf712e9d696d0b0bf1b", size = 5168720, upload-time = "2026-02-18T16:51:36.499Z" },
    { url = "https://files.pythonhosted.org/packages/6f/0d/977af38ac19a6b55d22dff508bd743fd7c1901e1b73657e7937c7cccb0a3/psycopg_binary-3.3.3-cp314-cp314-manylinux_2_27_aarch64.manylinux_2_28_aarch64.whl", hash = "sha256:642050398583d61c9856210568eb09a8e4f2fe8224bf3be21b67a370e677eead", size = 6762076, upload-time = "2026-02-18T16:51:43.167Z" },
    { url = "https://files.pythonhosted.org/packages/34/40/912a39d48322cf86895c0eaf2d5b95cb899402443faefd4b09abbba6b6e1/psycopg_binary-3.3.3-cp314-cp314-manylinux_2_38_riscv64.manylinux_2_39_riscv64.whl", hash = "sha256:533efe6dc3a7cba5e2a84e38970786bb966306863e45f3db152007e9f48638a6", size = 4997623, upload-time = "2026-02-18T16:51:47.707Z" },
    { url = "https://files.pythonhosted.org/packages/98/0c/c14d0e259c65dc7be854d926993f151077887391d5a081118907a9d89603/psycopg_binary-3.3.3-cp314-cp314-musllinux_1_2_aarch64.whl", hash = "sha256:5958dbf28b77ce2033482f6cb9ef04d43f5d8f4b7636e6963d5626f000efb23e", size = 4532096, upload-time = "2026-02-18T16:51:51.421Z" },
    { url = "https://files.pythonhosted.org/packages/39/21/8b7c50a194cfca6ea0fd4d1f276158307785775426e90700ab2eba5cd623/psycopg_binary-3.3.3-cp314-cp314-musllinux_1_2_ppc64le.whl", hash = "sha256:a6af77b6626ce92b5817bf294b4d45ec1a6161dba80fc2d82cdffdd6814fd023", size = 4208884, upload-time = "2026-02-18T16:51:57.336Z" },
    { url = "https://files.pythonhosted.org/packages/c7/2c/a4981bf42cf30ebba0424971d7ce70a222ae9b82594c42fc3f2105d7b525/psycopg_binary-3.3.3-cp314-cp314-musllinux_1_2_riscv64.whl", hash = "sha256:47f06fcbe8542b4d96d7392c476a74ada521c5aebdb41c3c0155f6595fc14c8d", size = 3944542, upload-time = "2026-02-18T16:52:04.266Z" },
    { url = "https://files.pythonhosted.org/packages/60/e9/b7c29b56aa0b85a4e0c4d89db691c1ceef08f46a356369144430c155a2f5/psycopg_binary-3.3.3-cp314-cp314-musllinux_1_2_x86_64.whl", hash = "sha256:e7800e6c6b5dc4b0ca7cc7370f770f53ac83886b76afda0848065a674231e856", size = 4254339, upload-time = "2026-02-18T16:52:10.444Z" },
    { url = "https://files.pythonhosted.org/packages/98/5a/291d89f44d3820fffb7a04ebc8f3ef5dda4f542f44a5daea0c55a84abf45/psycopg_binary-3.3.3-cp314-cp314-win_amd64.whl", hash = "sha256:165f22ab5a9513a3d7425ffb7fcc7955ed8ccaeef6d37e369d6cc1dff1582383", size = 3652796, upload-time = "2026-02-18T16:52:14.02Z" },
]

[[package]]
name = "pydantic"
version = "2.13.0"
source = { registry = "https://pypi.org/simple" }
dependencies = [
    { name = "annotated-types" },
    { name = "pydantic-core" },
    { name = "typing-extensions" },
    { name = "typing-inspection" },
]
sdist = { url = "https://files.pythonhosted.org/packages/84/6b/69fd5c7194b21ebde0f8637e2a4ddc766ada29d472bfa6a5ca533d79549a/pydantic-2.13.0.tar.gz", hash = "sha256:b89b575b6e670ebf6e7448c01b41b244f471edd276cd0b6fe02e7e7aca320070", size = 843468, upload-time = "2026-04-13T10:51:35.571Z" }
wheels = [
    { url = "https://files.pythonhosted.org/packages/01/d7/c3a52c61f5b7be648e919005820fbac33028c6149994cd64453f49951c17/pydantic-2.13.0-py3-none-any.whl", hash = "sha256:ab0078b90da5f3e2fd2e71e3d9b457ddcb35d0350854fbda93b451e28d56baaf", size = 471872, upload-time = "2026-04-13T10:51:33.343Z" },
]

[[package]]
name = "pydantic-core"
version = "2.46.0"
source = { registry = "https://pypi.org/simple" }
dependencies = [
    { name = "typing-extensions" },
]
sdist = { url = "https://files.pythonhosted.org/packages/6f/0a/9414cddf82eda3976b14048cc0fa8f5b5d1aecb0b22e1dcd2dbfe0e139b1/pydantic_core-2.46.0.tar.gz", hash = "sha256:82d2498c96be47b47e903e1378d1d0f770097ec56ea953322f39936a7cf34977", size = 471441, upload-time = "2026-04-13T09:06:33.813Z" }
wheels = [
    { url = "https://files.pythonhosted.org/packages/df/05/ab3b0742bad1d51822f1af0c4232208408902bdcfc47601f3b812e09e6c2/pydantic_core-2.46.0-cp313-cp313-macosx_10_12_x86_64.whl", hash = "sha256:a05900c37264c070c683c650cbca8f83d7cbb549719e645fcd81a24592eac788", size = 2116814, upload-time = "2026-04-13T09:04:12.41Z" },
    { url = "https://files.pythonhosted.org/packages/98/08/30b43d9569d69094a0899a199711c43aa58fce6ce80f6a8f7693673eb995/pydantic_core-2.46.0-cp313-cp313-macosx_11_0_arm64.whl", hash = "sha256:8de8e482fd4f1e3f36c50c6aac46d044462615d8f12cfafc6bebeaa0909eea22", size = 1951867, upload-time = "2026-04-13T09:04:02.364Z" },
    { url = "https://files.pythonhosted.org/packages/db/a0/bf9a1ba34537c2ed3872a48195291138fdec8fe26c4009776f00d63cf0c8/pydantic_core-2.46.0-cp313-cp313-manylinux_2_17_aarch64.manylinux2014_aarch64.whl", hash = "sha256:c525ecf8a4cdf198327b65030a7d081867ad8e60acb01a7214fff95cf9832d47", size = 1977040, upload-time = "2026-04-13T09:06:16.088Z" },
    { url = "https://files.pythonhosted.org/packages/71/70/0ba03c20e1e118219fc18c5417b008b7e880f0e3fb38560ec4465984d471/pydantic_core-2.46.0-cp313-cp313-manylinux_2_17_armv7l.manylinux2014_armv7l.whl", hash = "sha256:f14581aeb12e61542ce73b9bfef2bca5439d65d9ab3efe1a4d8e346b61838f9b", size = 2055284, upload-time = "2026-04-13T09:05:25.125Z" },
    { url = "https://files.pythonhosted.org/packages/58/cf/1e320acefbde7fb7158a9e5def55e0adf9a4634636098ce28dc6b978e0d3/pydantic_core-2.46.0-cp313-cp313-manylinux_2_17_ppc64le.manylinux2014_ppc64le.whl", hash = "sha256:c108067f2f7e190d0dbd81247d789ec41f9ea50ccd9265a3a46710796ac60530", size = 2238896, upload-time = "2026-04-13T09:05:01.345Z" },
    { url = "https://files.pythonhosted.org/packages/df/f5/ea8ba209756abe9eba891bb0ef3772b4c59a894eb9ad86cd5bd0dd4e3e52/pydantic_core-2.46.0-cp313-cp313-manylinux_2_17_s390x.manylinux2014_s390x.whl", hash = "sha256:1ac10967e9a7bb1b96697374513f9a1a90a59e2fb41566b5e00ee45392beac59", size = 2314353, upload-time = "2026-04-13T09:06:07.942Z" },
    { url = "https://files.pythonhosted.org/packages/e8/f8/5885350203b72e96438eee7f94de0d8f0442f4627237ca8ef75de34db1cd/pydantic_core-2.46.0-cp313-cp313-manylinux_2_17_x86_64.manylinux2014_x86_64.whl", hash = "sha256:7897078fe8a13b73623c0955dfb2b3d2c9acb7177aac25144758c9e5a5265aaa", size = 2098522, upload-time = "2026-04-13T09:04:23.239Z" },
    { url = "https://files.pythonhosted.org/packages/bf/88/5930b0e828e371db5a556dd3189565417ddc3d8316bb001058168aadcf5f/pydantic_core-2.46.0-cp313-cp313-manylinux_2_31_riscv64.whl", hash = "sha256:e69ce405510a419a082a78faed65bb4249cfb51232293cc675645c12f7379bf7", size = 2168757, upload-time = "2026-04-13T09:07:12.46Z" },
    { url = "https://files.pythonhosted.org/packages/da/75/63d563d3035a0548e721c38b5b69fd5626fdd51da0f09ff4467503915b82/pydantic_core-2.46.0-cp313-cp313-manylinux_2_5_i686.manylinux1_i686.whl", hash = "sha256:fd28d13eea0d8cf351dc1fe274b5070cc8e1cca2644381dee5f99de629e77cf3", size = 2202518, upload-time = "2026-04-13T09:05:44.418Z" },
    { url = "https://files.pythonhosted.org/packages/a7/53/1958eacbfddc41aadf5ae86dd85041bf054b675f34a2fa76385935f96070/pydantic_core-2.46.0-cp313-cp313-musllinux_1_1_aarch64.whl", hash = "sha256:ee1547a6b8243e73dd10f585555e5a263395e55ce6dea618a078570a1e889aef", size = 2190148, upload-time = "2026-04-13T09:06:56.151Z" },
    { url = "https://files.pythonhosted.org/packages/c7/17/098cc6d3595e4623186f2bc6604a6195eb182e126702a90517236391e9ce/pydantic_core-2.46.0-cp313-cp313-musllinux_1_1_armv7l.whl", hash = "sha256:c3dc68dcf62db22a18ddfc3ad4960038f72b75908edc48ae014d7ac8b391d57a", size = 2342925, upload-time = "2026-04-13T09:04:17.286Z" },
    { url = "https://files.pythonhosted.org/packages/71/a7/abdb924620b1ac535c690b36ad5b8871f376104090f8842c08625cecf1d3/pydantic_core-2.46.0-cp313-cp313-musllinux_1_1_x86_64.whl", hash = "sha256:004a2081c881abfcc6854a4623da6a09090a0d7c1398a6ae7133ca1256cee70b", size = 2383167, upload-time = "2026-04-13T09:04:52.643Z" },
    { url = "https://files.pythonhosted.org/packages/d7/c9/2ddd10f50e4b7350d2574629a0f53d8d4eb6573f9c19a6b43e6b1487a31d/pydantic_core-2.46.0-cp313-cp313-win32.whl", hash = "sha256:59d24ec8d5eaabad93097525a69d0f00f2667cb353eb6cda578b1cfff203ceef", size = 1965660, upload-time = "2026-04-13T09:06:05.877Z" },
    { url = "https://files.pythonhosted.org/packages/b5/e7/1efc38ed6f2680c032bcefa0e3ebd496a8c77e92dfdb86b07d0f2fc632b1/pydantic_core-2.46.0-cp313-cp313-win_amd64.whl", hash = "sha256:71186dad5ac325c64d68fe0e654e15fd79802e7cc42bc6f0ff822d5ad8b1ab25", size = 2069563, upload-time = "2026-04-13T09:07:14.738Z" },
    { url = "https://files.pythonhosted.org/packages/c3/1e/a325b4989e742bf7e72ed35fa124bc611fd76539c9f8cd2a9a7854473533/pydantic_core-2.46.0-cp313-cp313-win_arm64.whl", hash = "sha256:8e4503f3213f723842c9a3b53955c88a9cfbd0b288cbd1c1ae933aebeec4a1b4", size = 2034966, upload-time = "2026-04-13T09:04:21.629Z" },
    { url = "https://files.pythonhosted.org/packages/36/3b/914891d384cdbf9a6f464eb13713baa22ea1e453d4da80fb7da522079370/pydantic_core-2.46.0-cp314-cp314-macosx_10_12_x86_64.whl", hash = "sha256:4fc801c290342350ffc82d77872054a934b2e24163727263362170c1db5416ca", size = 2113349, upload-time = "2026-04-13T09:04:59.407Z" },
    { url = "https://files.pythonhosted.org/packages/35/95/3a0c6f65e231709fb3463e32943c69d10285cb50203a2130a4732053a06d/pydantic_core-2.46.0-cp314-cp314-macosx_11_0_arm64.whl", hash = "sha256:0a36f2cc88170cc177930afcc633a8c15907ea68b59ac16bd180c2999d714940", size = 1949170, upload-time = "2026-04-13T09:06:09.935Z" },
    { url = "https://files.pythonhosted.org/packages/d1/63/d845c36a608469fe7bee226edeff0984c33dbfe7aecd755b0e7ab5a275c4/pydantic_core-2.46.0-cp314-cp314-manylinux_2_17_aarch64.manylinux2014_aarch64.whl", hash = "sha256:2a3912e0c568a1f99d4d6d3e41def40179d61424c0ca1c8c87c4877d7f6fd7fb", size = 1977914, upload-time = "2026-04-13T09:04:56.16Z" },
    { url = "https://files.pythonhosted.org/packages/08/6f/f2e7a7f85931fb31671f5378d1c7fc70606e4b36d59b1b48e1bd1ef5d916/pydantic_core-2.46.0-cp314-cp314-manylinux_2_17_armv7l.manylinux2014_armv7l.whl", hash = "sha256:3534c3415ed1a19ab23096b628916a827f7858ec8db49ad5d7d1e44dc13c0d7b", size = 2050538, upload-time = "2026-04-13T09:05:06.789Z" },
    { url = "https://files.pythonhosted.org/packages/8c/97/f4aa7181dd9a16dd9059a99fc48fdab0c2aab68307283a5c04cf56de68c4/pydantic_core-2.46.0-cp314-cp314-manylinux_2_17_ppc64le.manylinux2014_ppc64le.whl", hash = "sha256:21067396fc285609323a4db2f63a87570044abe0acddfcca8b135fc7948e3db7", size = 2236294, upload-time = "2026-04-13T09:07:03.2Z" },
    { url = "https://files.pythonhosted.org/packages/24/c1/6a5042fc32765c87101b500f394702890af04239c318b6002cfd627b710d/pydantic_core-2.46.0-cp314-cp314-manylinux_2_17_s390x.manylinux2014_s390x.whl", hash = "sha256:2afd85b7be186e2fe7cdbb09a3d964bcc2042f65bbcc64ad800b3c7915032655", size = 2312954, upload-time = "2026-04-13T09:06:11.919Z" },
    { url = "https://files.pythonhosted.org/packages/cb/e4/566101a561492ce8454f0844ca29c3b675a6b3a7b3ff577db85ed05c8c50/pydantic_core-2.46.0-cp314-cp314-manylinux_2_17_x86_64.manylinux2014_x86_64.whl", hash = "sha256:67e2c2e171b78db8154da602de72ffdc473c6ee51de8a9d80c0f1cd4051abfc7", size = 2102533, upload-time = "2026-04-13T09:06:58.664Z" },
    { url = "https://files.pythonhosted.org/packages/3e/ac/adc11ee1646a5c4dd9abb09a00e7909e6dc25beddc0b1310ca734bb9b48e/pydantic_core-2.46.0-cp314-cp314-manylinux_2_31_riscv64.whl", hash = "sha256:c16ae1f3170267b1a37e16dba5c297bdf60c8b5657b147909ca8774ce7366644", size = 2169447, upload-time = "2026-04-13T09:04:11.143Z" },
    { url = "https://files.pythonhosted.org/packages/26/73/408e686b45b82d28ac19e8229e07282254dbee6a5d24c5c7cf3cf3716613/pydantic_core-2.46.0-cp314-cp314-manylinux_2_5_i686.manylinux1_i686.whl", hash = "sha256:133b69e1c1ba34d3702eed73f19f7f966928f9aa16663b55c2ebce0893cca42e", size = 2200672, upload-time = "2026-04-13T09:03:54.056Z" },
    { url = "https://files.pythonhosted.org/packages/0a/3b/807d5b035ec891b57b9079ce881f48263936c37bd0d154a056e7fd152afb/pydantic_core-2.46.0-cp314-cp314-musllinux_1_1_aarch64.whl", hash = "sha256:15ed8e5bde505133d96b41702f31f06829c46b05488211a5b1c7877e11de5eb5", size = 2188293, upload-time = "2026-04-13T09:07:07.614Z" },
    { url = "https://files.pythonhosted.org/packages/f1/ed/719b307516285099d1196c52769fdbe676fd677da007b9c349ae70b7226d/pydantic_core-2.46.0-cp314-cp314-musllinux_1_1_armv7l.whl", hash = "sha256:8cfc29a1c66a7f0fcb36262e92f353dd0b9c4061d558fceb022e698a801cb8ae", size = 2335023, upload-time = "2026-04-13T09:04:05.176Z" },
    { url = "https://files.pythonhosted.org/packages/8d/90/8718e4ae98c4e8a7325afdc079be82be1e131d7a47cb6c098844a9531ffe/pydantic_core-2.46.0-cp314-cp314-musllinux_1_1_x86_64.whl", hash = "sha256:e1155708540f13845bf68d5ac511a55c76cfe2e057ed12b4bf3adac1581fc5c2", size = 2377155, upload-time = "2026-04-13T09:06:18.081Z" },
    { url = "https://files.pythonhosted.org/packages/dd/dc/7172789283b963f81da2fc92b186e22de55687019079f71c4d570822502b/pydantic_core-2.46.0-cp314-cp314-win32.whl", hash = "sha256:de5635a48df6b2eef161d10ea1bc2626153197333662ba4cd700ee7ec1aba7f5", size = 1963078, upload-time = "2026-04-13T09:05:30.615Z" },
    { url = "https://files.pythonhosted.org/packages/e0/69/03a7ea4b6264def3a44eabf577528bcec2f49468c5698b2044dea54dc07e/pydantic_core-2.46.0-cp314-cp314-win_amd64.whl", hash = "sha256:f07a5af60c5e7cf53dd1ff734228bd72d0dc9938e64a75b5bb308ca350d9681e", size = 2068439, upload-time = "2026-04-13T09:04:57.729Z" },
    { url = "https://files.pythonhosted.org/packages/f5/eb/1c3afcfdee2ab6634b802ab0a0f1966df4c8b630028ec56a1cb0a710dc58/pydantic_core-2.46.0-cp314-cp314-win_arm64.whl", hash = "sha256:e7a77eca3c7d5108ff509db20aae6f80d47c7ed7516d8b96c387aacc42f3ce0f", size = 2026470, upload-time = "2026-04-13T09:05:08.654Z" },
    { url = "https://files.pythonhosted.org/packages/5c/30/1177dde61b200785c4739665e3aa03a9d4b2c25d2d0408b07d585e633965/pydantic_core-2.46.0-cp314-cp314t-macosx_10_12_x86_64.whl", hash = "sha256:5e7cdd4398bee1aaeafe049ac366b0f887451d9ae418fd8785219c13fea2f928", size = 2107447, upload-time = "2026-04-13T09:05:46.314Z" },
    { url = "https://files.pythonhosted.org/packages/b1/60/4e0f61f99bdabbbc309d364a2791e1ba31e778a4935bc43391a7bdec0744/pydantic_core-2.46.0-cp314-cp314t-macosx_11_0_arm64.whl", hash = "sha256:5c2c92d82808e27cef3f7ab3ed63d657d0c755e0dbe5b8a58342e37bdf09bd2e", size = 1926927, upload-time = "2026-04-13T09:06:20.371Z" },
    { url = "https://files.pythonhosted.org/packages/1d/d0/67f89a8269152c1d6eaa81f04e75a507372ebd8ca7382855a065222caa80/pydantic_core-2.46.0-cp314-cp314t-manylinux_2_17_aarch64.manylinux2014_aarch64.whl", hash = "sha256:0bab80af91cd7014b45d1089303b5f844a9d91d7da60eabf3d5f9694b32a6655", size = 1966613, upload-time = "2026-04-13T09:07:05.389Z" },
    { url = "https://files.pythonhosted.org/packages/cd/07/8dfdc3edc78f29a80fb31f366c50203ec904cff6a4c923599bf50ac0d0ff/pydantic_core-2.46.0-cp314-cp314t-manylinux_2_17_armv7l.manylinux2014_armv7l.whl", hash = "sha256:1e49ffdb714bc990f00b39d1ad1d683033875b5af15582f60c1f34ad3eeccfaa", size = 2032902, upload-time = "2026-04-13T09:06:42.47Z" },
    { url = "https://files.pythonhosted.org/packages/b0/2a/111c5e8fe24f99c46bcad7d3a82a8f6dbc738066e2c72c04c71f827d8c78/pydantic_core-2.46.0-cp314-cp314t-manylinux_2_17_ppc64le.manylinux2014_ppc64le.whl", hash = "sha256:ca877240e8dbdeef3a66f751dc41e5a74893767d510c22a22fc5c0199844f0ce", size = 2244456, upload-time = "2026-04-13T09:05:36.484Z" },
    { url = "https://files.pythonhosted.org/packages/6b/7c/cfc5d11c15a63ece26e148572c77cfbb2c7f08d315a7b63ef0fe0711d753/pydantic_core-2.46.0-cp314-cp314t-manylinux_2_17_s390x.manylinux2014_s390x.whl", hash = "sha256:87e6843f89ecd2f596d7294e33196c61343186255b9880c4f1b725fde8b0e20d", size = 2294535, upload-time = "2026-04-13T09:06:01.689Z" },
    { url = "https://files.pythonhosted.org/packages/c4/2c/f0d744e3dab7bd026a3f4670a97a295157cff923a2666d30a15a70a7e3d0/pydantic_core-2.46.0-cp314-cp314t-manylinux_2_17_x86_64.manylinux2014_x86_64.whl", hash = "sha256:e20bc5add1dd9bc3b9a3600d40632e679376569098345500799a6ad7c5d46c72", size = 2104621, upload-time = "2026-04-13T09:04:34.388Z" },
    { url = "https://files.pythonhosted.org/packages/a7/64/e7cc4698dc024264d214b51d5a47a2404221b12060dd537d76f831b2120a/pydantic_core-2.46.0-cp314-cp314t-manylinux_2_31_riscv64.whl", hash = "sha256:ee6ff79a5f0289d64a9d6696a3ce1f98f925b803dd538335a118231e26d6d827", size = 2130718, upload-time = "2026-04-13T09:04:26.23Z" },
    { url = "https://files.pythonhosted.org/packages/0b/a8/224e655fec21f7d4441438ad2ecaccb33b5a3876ce7bb2098c74a49efc14/pydantic_core-2.46.0-cp314-cp314t-manylinux_2_5_i686.manylinux1_i686.whl", hash = "sha256:52d35cfb58c26323101c7065508d7bb69bb56338cda9ea47a7b32be581af055d", size = 2180738, upload-time = "2026-04-13T09:05:50.253Z" },
    { url = "https://files.pythonhosted.org/packages/32/7b/b3025618ed4c4e4cbaa9882731c19625db6669896b621760ea95bc1125ef/pydantic_core-2.46.0-cp314-cp314t-musllinux_1_1_aarch64.whl", hash = "sha256:d14cc5a6f260fa78e124061eebc5769af6534fc837e9a62a47f09a2c341fa4ea", size = 2171222, upload-time = "2026-04-13T09:07:29.929Z" },
    { url = "https://files.pythonhosted.org/packages/7b/e3/68170aa1d891920af09c1f2f34df61dc5ff3a746400027155523e3400e89/pydantic_core-2.46.0-cp314-cp314t-musllinux_1_1_armv7l.whl", hash = "sha256:4f7ff859d663b6635f6307a10803d07f0d09487e16c3d36b1744af51dbf948b2", size = 2320040, upload-time = "2026-04-13T09:06:35.732Z" },
    { url = "https://files.pythonhosted.org/packages/67/1b/5e65807001b84972476300c1f49aea2b4971b7e9fffb5c2654877dadd274/pydantic_core-2.46.0-cp314-cp314t-musllinux_1_1_x86_64.whl", hash = "sha256:8ef749be6ed0d69dba31902aaa8255a9bb269ae50c93888c4df242d8bb7acd9e", size = 2377062, upload-time = "2026-04-13T09:07:39.945Z" },
    { url = "https://files.pythonhosted.org/packages/75/03/48caa9dd5f28f7662bd52bff454d9a451f6b7e5e4af95e289e5e170749c9/pydantic_core-2.46.0-cp314-cp314t-win32.whl", hash = "sha256:d93ca72870133f86360e4bb0c78cd4e6ba2a0f9f3738a6486909ffc031463b32", size = 1951028, upload-time = "2026-04-13T09:04:20.224Z" },
    { url = "https://files.pythonhosted.org/packages/87/ed/e97ff55fe28c0e6e3cba641d622b15e071370b70e5f07c496b07b65db7c9/pydantic_core-2.46.0-cp314-cp314t-win_amd64.whl", hash = "sha256:6ebb2668afd657e2127cb40f2ceb627dd78e74e9dfde14d9bf6cdd532a29ff59", size = 2048519, upload-time = "2026-04-13T09:05:10.464Z" },
    { url = "https://files.pythonhosted.org/packages/b6/51/e0db8267a287994546925f252e329eeae4121b1e77e76353418da5a3adf0/pydantic_core-2.46.0-cp314-cp314t-win_arm64.whl", hash = "sha256:4864f5bbb7993845baf9209bae1669a8a76769296a018cb569ebda9dcb4241f5", size = 2026791, upload-time = "2026-04-13T09:04:37.724Z" },
]

[[package]]
name = "starlette"
version = "1.0.0"
source = { registry = "https://pypi.org/simple" }
dependencies = [
    { name = "anyio" },
]
sdist = { url = "https://files.pythonhosted.org/packages/81/69/17425771797c36cded50b7fe44e850315d039f28b15901ab44839e70b593/starlette-1.0.0.tar.gz", hash = "sha256:6a4beaf1f81bb472fd19ea9b918b50dc3a77a6f2e190a12954b25e6ed5eea149", size = 2655289, upload-time = "2026-03-22T18:29:46.779Z" }
wheels = [
    { url = "https://files.pythonhosted.org/packages/0b/c9/584bc9651441b4ba60cc4d557d8a547b5aff901af35bda3a4ee30c819b82/starlette-1.0.0-py3-none-any.whl", hash = "sha256:d3ec55e0bb321692d275455ddfd3df75fff145d009685eb40dc91fc66b03d38b", size = 72651, upload-time = "2026-03-22T18:29:45.111Z" },
]

[[package]]
name = "typing-extensions"
version = "4.15.0"
source = { registry = "https://pypi.org/simple" }
sdist = { url = "https://files.pythonhosted.org/packages/72/94/1a15dd82efb362ac84269196e94cf00f187f7ed21c242792a923cdb1c61f/typing_extensions-4.15.0.tar.gz", hash = "sha256:0cea48d173cc12fa28ecabc3b837ea3cf6f38c6d1136f85cbaaf598984861466", size = 109391, upload-time = "2025-08-25T13:49:26.313Z" }
wheels = [
    { url = "https://files.pythonhosted.org/packages/18/67/36e9267722cc04a6b9f15c7f3441c2363321a3ea07da7ae0c0707beb2a9c/typing_extensions-4.15.0-py3-none-any.whl", hash = "sha256:f0fa19c6845758ab08074a0cfa8b7aecb71c999ca73d62883bc25cc018c4e548", size = 44614, upload-time = "2025-08-25T13:49:24.86Z" },
]

[[package]]
name = "typing-inspection"
version = "0.4.2"
source = { registry = "https://pypi.org/simple" }
dependencies = [
    { name = "typing-extensions" },
]
sdist = { url = "https://files.pythonhosted.org/packages/55/e3/70399cb7dd41c10ac53367ae42139cf4b1ca5f36bb3dc6c9d33acdb43655/typing_inspection-0.4.2.tar.gz", hash = "sha256:ba561c48a67c5958007083d386c3295464928b01faa735ab8547c5692e87f464", size = 75949, upload-time = "2025-10-01T02:14:41.687Z" }
wheels = [
    { url = "https://files.pythonhosted.org/packages/dc/9b/47798a6c91d8bdb567fe2698fe81e0c6b7cb7ef4d13da4114b41d239f65d/typing_inspection-0.4.2-py3-none-any.whl", hash = "sha256:4ed1cacbdc298c220f1bd249ed5287caa16f34d44ef4e9c3d0cbad5b521545e7", size = 14611, upload-time = "2025-10-01T02:14:40.154Z" },
]

[[package]]
name = "tzdata"
version = "2026.1"
source = { registry = "https://pypi.org/simple" }
sdist = { url = "https://files.pythonhosted.org/packages/19/f5/cd531b2d15a671a40c0f66cf06bc3570a12cd56eef98960068ebbad1bf5a/tzdata-2026.1.tar.gz", hash = "sha256:67658a1903c75917309e753fdc349ac0efd8c27db7a0cb406a25be4840f87f98", size = 197639, upload-time = "2026-04-03T11:25:22.002Z" }
wheels = [
    { url = "https://files.pythonhosted.org/packages/b0/70/d460bd685a170790ec89317e9bd33047988e4bce507b831f5db771e142de/tzdata-2026.1-py2.py3-none-any.whl", hash = "sha256:4b1d2be7ac37ceafd7327b961aa3a54e467efbdb563a23655fbfe0d39cfc42a9", size = 348952, upload-time = "2026-04-03T11:25:20.313Z" },
]

[[package]]
name = "uvicorn"
version = "0.44.0"
source = { registry = "https://pypi.org/simple" }
dependencies = [
    { name = "click" },
    { name = "h11" },
]
sdist = { url = "https://files.pythonhosted.org/packages/5e/da/6eee1ff8b6cbeed47eeb5229749168e81eb4b7b999a1a15a7176e51410c9/uvicorn-0.44.0.tar.gz", hash = "sha256:6c942071b68f07e178264b9152f1f16dfac5da85880c4ce06366a96d70d4f31e", size = 86947, upload-time = "2026-04-06T09:23:22.826Z" }
wheels = [
    { url = "https://files.pythonhosted.org/packages/b7/23/a5bbd9600dd607411fa644c06ff4951bec3a4d82c4b852374024359c19c0/uvicorn-0.44.0-py3-none-any.whl", hash = "sha256:ce937c99a2cc70279556967274414c087888e8cec9f9c94644dfca11bd3ced89", size = 69425, upload-time = "2026-04-06T09:23:21.524Z" },
]
